
Microsoft Visual Studio Solution File, Format Version 12.00
# Visual Studio Version 17
VisualStudioVersion = 17.2.32616.157
MinimumVisualStudioVersion = 10.0.40219.1
Project("{FAE04EC0-301F-11D3-BF4B-00C04F79EFBC}") = "BankAdministrationSystem", "BankAdministrationSystem\BankAdministrationSystem.csproj", "{C3837B05-E3D7-4738-AEE5-334B7C8C4BE3}"
EndProject
Global
	GlobalSection(SolutionConfigurationPlatforms) = preSolution
		Debug|Any CPU = Debug|Any CPU
		Release|Any CPU = Release|Any CPU
	EndGlobalSection
	GlobalSection(ProjectConfigurationPlatforms) = postSolution
		{C3837B05-E3D7-4738-AEE5-334B7C8C4BE3}.Debug|Any CPU.ActiveCfg = Debug|Any CPU
		{C3837B05-E3D7-4738-AEE5-334B7C8C4BE3}.Debug|Any CPU.Build.0 = Debug|Any CPU
		{C3837B05-E3D7-4738-AEE5-334B7C8C4BE3}.Release|Any CPU.ActiveCfg = Release|Any CPU
		{C3837B05-E3D7-4738-AEE5-334B7C8C4BE3}.Release|Any CPU.Build.0 = Release|Any CPU
	EndGlobalSection
	GlobalSection(SolutionProperties) = preSolution
		HideSolutionNode = FALSE
	EndGlobalSection
	GlobalSection(ExtensibilityGlobals) = postSolution
		SolutionGuid = {F92FAEDE-CFCF-4D13-9D3D-6C59153D6919}
	EndGlobalSection
EndGlobal
